# This file is automatically @generated by Cargo.
# It is not intended for manual editing.
version = 3

[[package]]
name = "autocfg"
version = "1.1.0"
source = "registry+https://github.com/rust-lang/crates.io-index"
checksum = "d468802bab17cbc0cc575e9b053f41e72aa36bfa6b7f55e3529ffa43161b97fa"

[[package]]
name = "bigraph"
version = "0.7.0"
dependencies = [
 "bitvector",
 "num-traits",
 "opaque_typedef",
 "opaque_typedef_macros",
 "petgraph",
 "traitgraph",
]

[[package]]
name = "bitvector"
version = "0.1.5"
source = "registry+https://github.com/rust-lang/crates.io-index"
checksum = "4de5fdcad0b12d843c0b535976ba5f5110ecde436161a7f3cda255674cfc28cb"

[[package]]
name = "fixedbitset"
version = "0.2.0"
source = "registry+https://github.com/rust-lang/crates.io-index"
checksum = "37ab347416e802de484e4d03c7316c48f1ecb56574dfd4a46a80f173ce1de04d"

[[package]]
name = "hashbrown"
version = "0.11.2"
source = "registry+https://github.com/rust-lang/crates.io-index"
checksum = "ab5ef0d4909ef3724cc8cce6ccc8572c5c817592e9285f5464f8e86f8bd3726e"

[[package]]
name = "heck"
version = "0.3.3"
source = "registry+https://github.com/rust-lang/crates.io-index"
checksum = "6d621efb26863f0e9924c6ac577e8275e5e6b77455db64ffa6c65c904e9e132c"
dependencies = [
 "unicode-segmentation",
]

[[package]]
name = "indexmap"
version = "1.8.0"
source = "registry+https://github.com/rust-lang/crates.io-index"
checksum = "282a6247722caba404c065016bbfa522806e51714c34f5dfc3e4a3a46fcb4223"
dependencies = [
 "autocfg",
 "hashbrown",
]

[[package]]
name = "lazy_static"
version = "1.4.0"
source = "registry+https://github.com/rust-lang/crates.io-index"
checksum = "e2abad23fbc42b3700f2f279844dc832adb2b2eb069b2df918f455c4e18cc646"

[[package]]
name = "num-traits"
version = "0.2.14"
source = "registry+https://github.com/rust-lang/crates.io-index"
checksum = "9a64b1ec5cda2586e284722486d802acf1f7dbdc623e2bfc57e65ca1cd099290"
dependencies = [
 "autocfg",
]

[[package]]
name = "opaque_typedef"
version = "0.0.5"
source = "registry+https://github.com/rust-lang/crates.io-index"
checksum = "1fb29535b88837a9217e97088accb62cd7497f8a88db40df021390d80068162e"

[[package]]
name = "opaque_typedef_macros"
version = "0.0.5"
source = "registry+https://github.com/rust-lang/crates.io-index"
checksum = "5568ae0dfa3ac221c99fce88fa9d5c0d77b858873b952f17270c101579d53b99"
dependencies = [
 "lazy_static",
 "proc-macro2",
 "quote",
 "strum",
 "strum_macros",
 "syn",
]

[[package]]
name = "petgraph"
version = "0.5.1"
source = "registry+https://github.com/rust-lang/crates.io-index"
checksum = "467d164a6de56270bd7c4d070df81d07beace25012d5103ced4e9ff08d6afdb7"
dependencies = [
 "fixedbitset",
 "indexmap",
]

[[package]]
name = "proc-macro2"
version = "0.4.30"
source = "registry+https://github.com/rust-lang/crates.io-index"
checksum = "cf3d2011ab5c909338f7887f4fc896d35932e29146c12c8d01da6b22a80ba759"
dependencies = [
 "unicode-xid",
]

[[package]]
name = "quote"
version = "0.6.13"
source = "registry+https://github.com/rust-lang/crates.io-index"
checksum = "6ce23b6b870e8f94f81fb0a363d65d86675884b34a09043c81e5562f11c1f8e1"
dependencies = [
 "proc-macro2",
]

[[package]]
name = "strum"
version = "0.15.0"
source = "registry+https://github.com/rust-lang/crates.io-index"
checksum = "e5d1c33039533f051704951680f1adfd468fd37ac46816ded0d9ee068e60f05f"

[[package]]
name = "strum_macros"
version = "0.15.0"
source = "registry+https://github.com/rust-lang/crates.io-index"
checksum = "47cd23f5c7dee395a00fa20135e2ec0fffcdfa151c56182966d7a3261343432e"
dependencies = [
 "heck",
 "proc-macro2",
 "quote",
 "syn",
]

[[package]]
name = "syn"
version = "0.15.44"
source = "registry+https://github.com/rust-lang/crates.io-index"
checksum = "9ca4b3b69a77cbe1ffc9e198781b7acb0c7365a883670e8f1c1bc66fba79a5c5"
dependencies = [
 "proc-macro2",
 "quote",
 "unicode-xid",
]

[[package]]
name = "traitgraph"
version = "0.7.0"
source = "registry+https://github.com/rust-lang/crates.io-index"
checksum = "27f62d79568b92a08597725d326d351f5c0830c6b166b139511bc689bc3b768d"
dependencies = [
 "bitvector",
 "num-traits",
 "petgraph",
 "traitsequence",
]

[[package]]
name = "traitsequence"
version = "0.6.0"
source = "registry+https://github.com/rust-lang/crates.io-index"
checksum = "0fc72819501e9c4430514249c67906b22235a0eb2ab30bf4ffebfdd69f32df3f"

[[package]]
name = "unicode-segmentation"
version = "1.9.0"
source = "registry+https://github.com/rust-lang/crates.io-index"
checksum = "7e8820f5d777f6224dc4be3632222971ac30164d4a258d595640799554ebfd99"

[[package]]
name = "unicode-xid"
version = "0.1.0"
source = "registry+https://github.com/rust-lang/crates.io-index"
checksum = "fc72304796d0818e357ead4e000d19c9c174ab23dc11093ac919054d20a6a7fc"
